// !$*UTF8*$!
{
	archiveVersion = 1;
	classes = {
	};
	objectVersion = 50;
	objects = {

/* Begin PBXBuildFile section */
		6D2035BC260F2CEF00E117FE /* AppDelegate.swift in Sources */ = {isa = PBXBuildFile; fileRef = 6D2035BB260F2CEF00E117FE /* AppDelegate.swift */; };
		6D2035BE260F2CEF00E117FE /* SceneDelegate.swift in Sources */ = {isa = PBXBuildFile; fileRef = 6D2035BD260F2CEF00E117FE /* SceneDelegate.swift */; };
		6D2035C3260F2CEF00E117FE /* Main.storyboard in Resources */ = {isa = PBXBuildFile; fileRef = 6D2035C1260F2CEF00E117FE /* Main.storyboard */; };
		6D2035C5260F2CF300E117FE /* Assets.xcassets in Resources */ = {isa = PBXBuildFile; fileRef = 6D2035C4260F2CF300E117FE /* Assets.xcassets */; };
		6D2035C8260F2CF300E117FE /* LaunchScreen.storyboard in Resources */ = {isa = PBXBuildFile; fileRef = 6D2035C6260F2CF300E117FE /* LaunchScreen.storyboard */; };
		6D2035D52610682000E117FE /* Quiz.swift in Sources */ = {isa = PBXBuildFile; fileRef = 6D2035D42610682000E117FE /* Quiz.swift */; };
		6D2035DB261068B200E117FE /* QuizFruitViewController.swift in Sources */ = {isa = PBXBuildFile; fileRef = 6D2035DA261068B200E117FE /* QuizFruitViewController.swift */; };
		6D2035DF261068E100E117FE /* HomeViewController.swift in Sources */ = {isa = PBXBuildFile; fileRef = 6D2035DE261068E100E117FE /* HomeViewController.swift */; };
		6D2035E2261068F400E117FE /* MenuTableViewController.swift in Sources */ = {isa = PBXBuildFile; fileRef = 6D2035E1261068F400E117FE /* MenuTableViewController.swift */; };
		6D2035E52610690A00E117FE /* QuizVegetableViewController.swift in Sources */ = {isa = PBXBuildFile; fileRef = 6D2035E42610690A00E117FE /* QuizVegetableViewController.swift */; };
		6D2035E82610691600E117FE /* QuizAnimalViewController.swift in Sources */ = {isa = PBXBuildFile; fileRef = 6D2035E72610691600E117FE /* QuizAnimalViewController.swift */; };
		6DFFCBC12610829900B21DE8 /* ResultViewController.swift in Sources */ = {isa = PBXBuildFile; fileRef = 6DFFCBC02610829900B21DE8 /* ResultViewController.swift */; };
/* End PBXBuildFile section */

/* Begin PBXFileReference section */
		6D2035B8260F2CEF00E117FE /* ListeningQuiz.app */ = {isa = PBXFileReference; explicitFileType = wrapper.application; includeInIndex = 0; path = ListeningQuiz.app; sourceTree = BUILT_PRODUCTS_DIR; };
		6D2035BB260F2CEF00E117FE /* AppDelegate.swift */ = {isa = PBXFileReference; lastKnownFileType = sourcecode.swift; path = AppDelegate.swift; sourceTree = "<group>"; };
		6D2035BD260F2CEF00E117FE /* SceneDelegate.swift */ = {isa = PBXFileReference; lastKnownFileType = sourcecode.swift; path = SceneDelegate.swift; sourceTree = "<group>"; };
		6D2035C2260F2CEF00E117FE /* Base */ = {isa = PBXFileReference; lastKnownFileType = file.storyboard; name = Base; path = Base.lproj/Main.storyboard; sourceTree = "<group>"; };
		6D2035C4260F2CF300E117FE /* Assets.xcassets */ = {isa = PBXFileReference; lastKnownFileType = folder.assetcatalog; path = Assets.xcassets; sourceTree = "<group>"; };
		6D2035C7260F2CF300E117FE /* Base */ = {isa = PBXFileReference; lastKnownFileType = file.storyboard; name = Base; path = Base.lproj/LaunchScreen.storyboard; sourceTree = "<group>"; };
		6D2035C9260F2CF300E117FE /* Info.plist */ = {isa = PBXFileReference; lastKnownFileType = text.plist.xml; path = Info.plist; sourceTree = "<group>"; };
		6D2035D42610682000E117FE /* Quiz.swift */ = {isa = PBXFileReference; lastKnownFileType = sourcecode.swift; path = Quiz.swift; sourceTree = "<group>"; };
		6D2035DA261068B200E117FE /* QuizFruitViewController.swift */ = {isa = PBXFileReference; lastKnownFileType = sourcecode.swift; path = QuizFruitViewController.swift; sourceTree = "<group>"; };
		6D2035DE261068E100E117FE /* HomeViewController.swift */ = {isa = PBXFileReference; lastKnownFileType = sourcecode.swift; path = HomeViewController.swift; sourceTree = "<group>"; };
		6D2035E1261068F400E117FE /* MenuTableViewController.swift */ = {isa = PBXFileReference; lastKnownFileType = sourcecode.swift; path = MenuTableViewController.swift; sourceTree = "<group>"; };
		6D2035E42610690A00E117FE /* QuizVegetableViewController.swift */ = {isa = PBXFileReference; lastKnownFileType = sourcecode.swift; path = QuizVegetableViewController.swift; sourceTree = "<group>"; };
		6D2035E72610691600E117FE /* QuizAnimalViewController.swift */ = {isa = PBXFileReference; lastKnownFileType = sourcecode.swift; path = QuizAnimalViewController.swift; sourceTree = "<group>"; };
		6DFFCBC02610829900B21DE8 /* ResultViewController.swift */ = {isa = PBXFileReference; lastKnownFileType = sourcecode.swift; path = ResultViewController.swift; sourceTree = "<group>"; };
/* End PBXFileReference section */

/* Begin PBXFrameworksBuildPhase section */
		6D2035B5260F2CEF00E117FE /* Frameworks */ = {
			isa = PBXFrameworksBuildPhase;
			buildActionMask = 2147483647;
			files = (
			);
			runOnlyForDeploymentPostprocessing = 0;
		};
/* End PBXFrameworksBuildPhase section */

/* Begin PBXGroup section */
		6D2035AF260F2CEF00E117FE = {
			isa = PBXGroup;
			children = (
				6D2035BA260F2CEF00E117FE /* ListeningQuiz */,
				6D2035B9260F2CEF00E117FE /* Products */,
			);
			sourceTree = "<group>";
		};
		6D2035B9260F2CEF00E117FE /* Products */ = {
			isa = PBXGroup;
			children = (
				6D2035B8260F2CEF00E117FE /* ListeningQuiz.app */,
			);
			name = Products;
			sourceTree = "<group>";
		};
		6D2035BA260F2CEF00E117FE /* ListeningQuiz */ = {
			isa = PBXGroup;
			children = (
				6D2035BB260F2CEF00E117FE /* AppDelegate.swift */,
				6D2035BD260F2CEF00E117FE /* SceneDelegate.swift */,
				6D2035FD2610768000E117FE /* Model */,
				6D2035FE2610769600E117FE /* Controller */,
				6D2035FF261076A100E117FE /* View */,
				6D2035C4260F2CF300E117FE /* Assets.xcassets */,
				6D2035C6260F2CF300E117FE /* LaunchScreen.storyboard */,
				6D2035C9260F2CF300E117FE /* Info.plist */,
			);
			path = ListeningQuiz;
			sourceTree = "<group>";
		};
		6D2035FD2610768000E117FE /* Model */ = {
			isa = PBXGroup;
			children = (
				6D2035D42610682000E117FE /* Quiz.swift */,
			);
			path = Model;
			sourceTree = "<group>";
		};
		6D2035FE2610769600E117FE /* Controller */ = {
			isa = PBXGroup;
			children = (
				6D2035E1261068F400E117FE /* MenuTableViewController.swift */,
				6D2035DE261068E100E117FE /* HomeViewController.swift */,
				6D2035DA261068B200E117FE /* QuizFruitViewController.swift */,
				6D2035E42610690A00E117FE /* QuizVegetableViewController.swift */,
				6D2035E72610691600E117FE /* QuizAnimalViewController.swift */,
				6DFFCBC02610829900B21DE8 /* ResultViewController.swift */,
			);
			path = Controller;
			sourceTree = "<group>";
		};
		6D2035FF261076A100E117FE /* View */ = {
			isa = PBXGroup;
			children = (
				6D2035C1260F2CEF00E117FE /* Main.storyboard */,
			);
			path = View;
			sourceTree = "<group>";
		};
/* End PBXGroup section */

/* Begin PBXNativeTarget section */
		6D2035B7260F2CEF00E117FE /* ListeningQuiz */ = {
			isa = PBXNativeTarget;
			buildConfigurationList = 6D2035CC260F2CF300E117FE /* Build configuration list for PBXNativeTarget "ListeningQuiz" */;
			buildPhases = (
				6D2035B4260F2CEF00E117FE /* Sources */,
				6D2035B5260F2CEF00E117FE /* Frameworks */,
				6D2035B6260F2CEF00E117FE /* Resources */,
			);
			buildRules = (
			);
			dependencies = (
			);
			name = ListeningQuiz;
			productName = ListeningQuiz;
			productReference = 6D2035B8260F2CEF00E117FE /* ListeningQuiz.app */;
			productType = "com.apple.product-type.application";
		};
/* End PBXNativeTarget section */

/* Begin PBXProject section */
		6D2035B0260F2CEF00E117FE /* Project object */ = {
			isa = PBXProject;
			attributes = {
				LastSwiftUpdateCheck = 1240;
				LastUpgradeCheck = 1240;
				TargetAttributes = {
					6D2035B7260F2CEF00E117FE = {
						CreatedOnToolsVersion = 12.4;
					};
				};
			};
			buildConfigurationList = 6D2035B3260F2CEF00E117FE /* Build configuration list for PBXProject "ListeningQuiz" */;
			compatibilityVersion = "Xcode 9.3";
			developmentRegion = en;
			hasScannedForEncodings = 0;
			knownRegions = (
				en,
				Base,
			);
			mainGroup = 6D2035AF260F2CEF00E117FE;
			productRefGroup = 6D2035B9260F2CEF00E117FE /* Products */;
			projectDirPath = "";
			projectRoot = "";
			targets = (
				6D2035B7260F2CEF00E117FE /* ListeningQuiz */,
			);
		};
/* End PBXProject section */

/* Begin PBXResourcesBuildPhase section */
		6D2035B6260F2CEF00E117FE /* Resources */ = {
			isa = PBXResourcesBuildPhase;
			buildActionMask = 2147483647;
			files = (
				6D2035C8260F2CF300E117FE /* LaunchScreen.storyboard in Resources */,
				6D2035C5260F2CF300E117FE /* Assets.xcassets in Resources */,
				6D2035C3260F2CEF00E117FE /* Main.storyboard in Resources */,
			);
			runOnlyForDeploymentPostprocessing = 0;
		};
/* End PBXResourcesBuildPhase section */

/* Begin PBXSourcesBuildPhase section */
		6D2035B4260F2CEF00E117FE /* Sources */ = {
			isa = PBXSourcesBuildPhase;
			buildActionMask = 2147483647;
			files = (
				6D2035E82610691600E117FE /* QuizAnimalViewController.swift in Sources */,
				6D2035E52610690A00E117FE /* QuizVegetableViewController.swift in Sources */,
				6D2035E2261068F400E117FE /* MenuTableViewController.swift in Sources */,
				6D2035BC260F2CEF00E117FE /* AppDelegate.swift in Sources */,
				6D2035D52610682000E117FE /* Quiz.swift in Sources */,
				6D2035DB261068B200E117FE /* QuizFruitViewController.swift in Sources */,
				6D2035BE260F2CEF00E117FE /* SceneDelegate.swift in Sources */,
				6D2035DF261068E100E117FE /* HomeViewController.swift in Sources */,
				6DFFCBC12610829900B21DE8 /* ResultViewController.swift in Sources */,
			);
			runOnlyForDeploymentPostprocessing = 0;
		};
/* End PBXSourcesBuildPhase section */

/* Begin PBXVariantGroup section */
		6D2035C1260F2CEF00E117FE /* Main.storyboard */ = {
			isa = PBXVariantGroup;
			children = (
				6D2035C2260F2CEF00E117FE /* Base */,
			);
			name = Main.storyboard;
			sourceTree = "<group>";
		};
		6D2035C6260F2CF300E117FE /* LaunchScreen.storyboard */ = {
			isa = PBXVariantGroup;
			children = (
				6D2035C7260F2CF300E117FE /* Base */,
			);
			name = LaunchScreen.storyboard;
			sourceTree = "<group>";
		};
/* End PBXVariantGroup section */

/* Begin XCBuildConfiguration section */
		6D2035CA260F2CF300E117FE /* Debug */ = {
			isa = XCBuildConfiguration;
			buildSettings = {
				ALWAYS_SEARCH_USER_PATHS = NO;
				CLANG_ANALYZER_NONNULL = YES;
				CLANG_ANALYZER_NUMBER_OBJECT_CONVERSION = YES_AGGRESSIVE;
				CLANG_CXX_LANGUAGE_STANDARD = "gnu++14";
				CLANG_CXX_LIBRARY = "libc++";
				CLANG_ENABLE_MODULES = YES;
				CLANG_ENABLE_OBJC_ARC = YES;
				CLANG_ENABLE_OBJC_WEAK = YES;
				CLANG_WARN_BLOCK_CAPTURE_AUTORELEASING = YES;
				CLANG_WARN_BOOL_CONVERSION = YES;
				CLANG_WARN_COMMA = YES;
				CLANG_WARN_CONSTANT_CONVERSION = YES;
				CLANG_WARN_DEPRECATED_OBJC_IMPLEMENTATIONS = YES;
				CLANG_WARN_DIRECT_OBJC_ISA_USAGE = YES_ERROR;
				CLANG_WARN_DOCUMENTATION_COMMENTS = YES;
				CLANG_WARN_EMPTY_BODY = YES;
				CLANG_WARN_ENUM_CONVERSION = YES;
				CLANG_WARN_INFINITE_RECURSION = YES;
				CLANG_WARN_INT_CONVERSION = YES;
				CLANG_WARN_NON_LITERAL_NULL_CONVERSION = YES;
				CLANG_WARN_OBJC_IMPLICIT_RETAIN_SELF = YES;
				CLANG_WARN_OBJC_LITERAL_CONVERSION = YES;
				CLANG_WARN_OBJC_ROOT_CLASS = YES_ERROR;
				CLANG_WARN_QUOTED_INCLUDE_IN_FRAMEWORK_HEADER = YES;
				CLANG_WARN_RANGE_LOOP_ANALYSIS = YES;
				CLANG_WARN_STRICT_PROTOTYPES = YES;
				CLANG_WARN_SUSPICIOUS_MOVE = YES;
				CLANG_WARN_UNGUARDED_AVAILABILITY = YES_AGGRESSIVE;
				CLANG_WARN_UNREACHABLE_CODE = YES;
				CLANG_WARN__DUPLICATE_METHOD_MATCH = YES;
				COPY_PHASE_STRIP = NO;
				DEBUG_INFORMATION_FORMAT = dwarf;
				ENABLE_STRICT_OBJC_MSGSEND = YES;
				ENABLE_TESTABILITY = YES;
				GCC_C_LANGUAGE_STANDARD = gnu11;
				GCC_DYNAMIC_NO_PIC = NO;
				GCC_NO_COMMON_BLOCKS = YES;
				GCC_OPTIMIZATION_LEVEL = 0;
				GCC_PREPROCESSOR_DEFINITIONS = (
					"DEBUG=1",
					"$(inherited)",
				);
				GCC_WARN_64_TO_32_BIT_CONVERSION = YES;
				GCC_WARN_ABOUT_RETURN_TYPE = YES_ERROR;
				GCC_WARN_UNDECLARED_SELECTOR = YES;
				GCC_WARN_UNINITIALIZED_AUTOS = YES_AGGRESSIVE;
				GCC_WARN_UNUSED_FUNCTION = YES;
				GCC_WARN_UNUSED_VARIABLE = YES;
				IPHONEOS_DEPLOYMENT_TARGET = 14.4;
				MTL_ENABLE_DEBUG_INFO = INCLUDE_SOURCE;
				MTL_FAST_MATH = YES;
				ONLY_ACTIVE_ARCH = YES;
				SDKROOT = iphoneos;
				SWIFT_ACTIVE_COMPILATION_CONDITIONS = DEBUG;
				SWIFT_OPTIMIZATION_LEVEL = "-Onone";
			};
			name = Debug;
		};
		6D2035CB260F2CF300E117FE /* Release */ = {
			isa = XCBuildConfiguration;
			buildSettings = {
				ALWAYS_SEARCH_USER_PATHS = NO;
				CLANG_ANALYZER_NONNULL = YES;
				CLANG_ANALYZER_NUMBER_OBJECT_CONVERSION = YES_AGGRESSIVE;
				CLANG_CXX_LANGUAGE_STANDARD = "gnu++14";
				CLANG_CXX_LIBRARY = "libc++";
				CLANG_ENABLE_MODULES = YES;
				CLANG_ENABLE_OBJC_ARC = YES;
				CLANG_ENABLE_OBJC_WEAK = YES;
				CLANG_WARN_BLOCK_CAPTURE_AUTORELEASING = YES;
				CLANG_WARN_BOOL_CONVERSION = YES;
				CLANG_WARN_COMMA = YES;
				CLANG_WARN_CONSTANT_CONVERSION = YES;
				CLANG_WARN_DEPRECATED_OBJC_IMPLEMENTATIONS = YES;
				CLANG_WARN_DIRECT_OBJC_ISA_USAGE = YES_ERROR;
				CLANG_WARN_DOCUMENTATION_COMMENTS = YES;
				CLANG_WARN_EMPTY_BODY = YES;
				CLANG_WARN_ENUM_CONVERSION = YES;
				CLANG_WARN_INFINITE_RECURSION = YES;
				CLANG_WARN_INT_CONVERSION = YES;
				CLANG_WARN_NON_LITERAL_NULL_CONVERSION = YES;
				CLANG_WARN_OBJC_IMPLICIT_RETAIN_SELF = YES;
				CLANG_WARN_OBJC_LITERAL_CONVERSION = YES;
				CLANG_WARN_OBJC_ROOT_CLASS = YES_ERROR;
				CLANG_WARN_QUOTED_INCLUDE_IN_FRAMEWORK_HEADER = YES;
				CLANG_WARN_RANGE_LOOP_ANALYSIS = YES;
				CLANG_WARN_STRICT_PROTOTYPES = YES;
				CLANG_WARN_SUSPICIOUS_MOVE = YES;
				CLANG_WARN_UNGUARDED_AVAILABILITY = YES_AGGRESSIVE;
				CLANG_WARN_UNREACHABLE_CODE = YES;
				CLANG_WARN__DUPLICATE_METHOD_MATCH = YES;
				COPY_PHASE_STRIP = NO;
				DEBUG_INFORMATION_FORMAT = "dwarf-with-dsym";
				ENABLE_NS_ASSERTIONS = NO;
				ENABLE_STRICT_OBJC_MSGSEND = YES;
				GCC_C_LANGUAGE_STANDARD = gnu11;
				GCC_NO_COMMON_BLOCKS = YES;
				GCC_WARN_64_TO_32_BIT_CONVERSION = YES;
				GCC_WARN_ABOUT_RETURN_TYPE = YES_ERROR;
				GCC_WARN_UNDECLARED_SELECTOR = YES;
				GCC_WARN_UNINITIALIZED_AUTOS = YES_AGGRESSIVE;
				GCC_WARN_UNUSED_FUNCTION = YES;
				GCC_WARN_UNUSED_VARIABLE = YES;
				IPHONEOS_DEPLOYMENT_TARGET = 14.4;
				MTL_ENABLE_DEBUG_INFO = NO;
				MTL_FAST_MATH = YES;
				SDKROOT = iphoneos;
				SWIFT_COMPILATION_MODE = wholemodule;
				SWIFT_OPTIMIZATION_LEVEL = "-O";
				VALIDATE_PRODUCT = YES;
			};
			name = Release;
		};
		6D2035CD260F2CF300E117FE /* Debug */ = {
			isa = XCBuildConfiguration;
			buildSettings = {
				ASSETCATALOG_COMPILER_APPICON_NAME = AppIcon;
				ASSETCATALOG_COMPILER_GLOBAL_ACCENT_COLOR_NAME = AccentColor;
				CODE_SIGN_STYLE = Automatic;
				INFOPLIST_FILE = ListeningQuiz/Info.plist;
				LD_RUNPATH_SEARCH_PATHS = (
					"$(inherited)",
					"@executable_path/Frameworks",
				);
				PRODUCT_BUNDLE_IDENTIFIER = com.alishatsai.ListeningQuiz;
				PRODUCT_NAME = "$(TARGET_NAME)";
				SWIFT_VERSION = 5.0;
				TARGETED_DEVICE_FAMILY = "1,2";
			};
			name = Debug;
		};
		6D2035CE260F2CF300E117FE /* Release */ = {
			isa = XCBuildConfiguration;
			buildSettings = {
				ASSETCATALOG_COMPILER_APPICON_NAME = AppIcon;
				ASSETCATALOG_COMPILER_GLOBAL_ACCENT_COLOR_NAME = AccentColor;
				CODE_SIGN_STYLE = Automatic;
				INFOPLIST_FILE = ListeningQuiz/Info.plist;
				LD_RUNPATH_SEARCH_PATHS = (
					"$(inherited)",
					"@executable_path/Frameworks",
				);
				PRODUCT_BUNDLE_IDENTIFIER = com.alishatsai.ListeningQuiz;
				PRODUCT_NAME = "$(TARGET_NAME)";
				SWIFT_VERSION = 5.0;
				TARGETED_DEVICE_FAMILY = "1,2";
			};
			name = Release;
		};
/* End XCBuildConfiguration section */

/* Begin XCConfigurationList section */
		6D2035B3260F2CEF00E117FE /* Build configuration list for PBXProject "ListeningQuiz" */ = {
			isa = XCConfigurationList;
			buildConfigurations = (
				6D2035CA260F2CF300E117FE /* Debug */,
				6D2035CB260F2CF300E117FE /* Release */,
			);
			defaultConfigurationIsVisible = 0;
			defaultConfigurationName = Release;
		};
		6D2035CC260F2CF300E117FE /* Build configuration list for PBXNativeTarget "ListeningQuiz" */ = {
			isa = XCConfigurationList;
			buildConfigurations = (
				6D2035CD260F2CF300E117FE /* Debug */,
				6D2035CE260F2CF300E117FE /* Release */,
			);
			defaultConfigurationIsVisible = 0;
			defaultConfigurationName = Release;
		};
/* End XCConfigurationList section */
	};
	rootObject = 6D2035B0260F2CEF00E117FE /* Project object */;
}
